{
  "name": "datetime-format-wsy2",
  "version": "1.0.1",
  "lockfileVersion": 1,
  "requires": true,
  "dependencies": {
    "datetime-format-wsy": {
      "version": "1.0.1",
      "resolved": "https://registry.npmjs.org/datetime-format-wsy/-/datetime-format-wsy-1.0.1.tgz",
      "integrity": "sha512-klyoj8r2KbOqN9zngjplMr+EWU+cGqa1KgzNn+TUtEpzvYqmnJvj+P90gYXgm0sKVd4+30GLesocoRmMWh3Q0Q=="
    }
  }
}
